
Microsoft Visual Studio Solution File, Format Version 12.00
# Visual Studio Version 17
VisualStudioVersion = 17.10.34928.147
MinimumVisualStudioVersion = 10.0.40219.1
Project("{FAE04EC0-301F-11D3-BF4B-00C04F79EFBC}") = "ordenador_2749451", "ordenador_2749451\ordenador_2749451.csproj", "{A18F6497-1ED9-414A-A4F7-0A758FA84599}"
EndProject
Global
	GlobalSection(SolutionConfigurationPlatforms) = preSolution
		Debug|Any CPU = Debug|Any CPU
		Release|Any CPU = Release|Any CPU
	EndGlobalSection
	GlobalSection(ProjectConfigurationPlatforms) = postSolution
		{A18F6497-1ED9-414A-A4F7-0A758FA84599}.Debug|Any CPU.ActiveCfg = Debug|Any CPU
		{A18F6497-1ED9-414A-A4F7-0A758FA84599}.Debug|Any CPU.Build.0 = Debug|Any CPU
		{A18F6497-1ED9-414A-A4F7-0A758FA84599}.Release|Any CPU.ActiveCfg = Release|Any CPU
		{A18F6497-1ED9-414A-A4F7-0A758FA84599}.Release|Any CPU.Build.0 = Release|Any CPU
	EndGlobalSection
	GlobalSection(SolutionProperties) = preSolution
		HideSolutionNode = FALSE
	EndGlobalSection
	GlobalSection(ExtensibilityGlobals) = postSolution
		SolutionGuid = {6F6532D4-ED52-43A9-BF11-046AC9C56354}
	EndGlobalSection
EndGlobal
